
Microsoft Visual Studio Solution File, Format Version 12.00
# Visual Studio 2015
Project("{FAE04EC0-301F-11D3-BF4B-00C04F79EFBC}") = "DemoVR+ARFinal", "DemoVR+ARFinal.csproj", "{BB5FE38A-AD41-1F67-2E7D-C8215A742E22}"
EndProject
Project("{FAE04EC0-301F-11D3-BF4B-00C04F79EFBC}") = "DemoVR+ARFinal.Editor", "DemoVR+ARFinal.Editor.csproj", "{8102DA74-109D-5577-4A1C-D46DAA9A8710}"
EndProject
Global
	GlobalSection(SolutionConfigurationPlatforms) = preSolution
		Debug|Any CPU = Debug|Any CPU
		Release|Any CPU = Release|Any CPU
	EndGlobalSection
	GlobalSection(ProjectConfigurationPlatforms) = postSolution
		{BB5FE38A-AD41-1F67-2E7D-C8215A742E22}.Debug|Any CPU.ActiveCfg = Debug|Any CPU
		{BB5FE38A-AD41-1F67-2E7D-C8215A742E22}.Debug|Any CPU.Build.0 = Debug|Any CPU
		{BB5FE38A-AD41-1F67-2E7D-C8215A742E22}.Release|Any CPU.ActiveCfg = Release|Any CPU
		{BB5FE38A-AD41-1F67-2E7D-C8215A742E22}.Release|Any CPU.Build.0 = Release|Any CPU
		{8102DA74-109D-5577-4A1C-D46DAA9A8710}.Debug|Any CPU.ActiveCfg = Debug|Any CPU
		{8102DA74-109D-5577-4A1C-D46DAA9A8710}.Debug|Any CPU.Build.0 = Debug|Any CPU
		{8102DA74-109D-5577-4A1C-D46DAA9A8710}.Release|Any CPU.ActiveCfg = Release|Any CPU
		{8102DA74-109D-5577-4A1C-D46DAA9A8710}.Release|Any CPU.Build.0 = Release|Any CPU
	EndGlobalSection
	GlobalSection(SolutionProperties) = preSolution
		HideSolutionNode = FALSE
	EndGlobalSection
EndGlobal
