
Microsoft Visual Studio Solution File, Format Version 12.00
# Visual Studio 2015
Project("{FAE04EC0-301F-11D3-BF4B-00C04F79EFBC}") = "DemoPrototype", "DemoPrototype.csproj", "{65F2A979-617F-C8F5-A54F-1D2DB7387960}"
EndProject
Project("{FAE04EC0-301F-11D3-BF4B-00C04F79EFBC}") = "DemoPrototype.Editor", "DemoPrototype.Editor.csproj", "{95DA6E57-F176-3774-7A8E-E05587E18C48}"
EndProject
Global
	GlobalSection(SolutionConfigurationPlatforms) = preSolution
		Debug|Any CPU = Debug|Any CPU
		Release|Any CPU = Release|Any CPU
	EndGlobalSection
	GlobalSection(ProjectConfigurationPlatforms) = postSolution
		{65F2A979-617F-C8F5-A54F-1D2DB7387960}.Debug|Any CPU.ActiveCfg = Debug|Any CPU
		{65F2A979-617F-C8F5-A54F-1D2DB7387960}.Debug|Any CPU.Build.0 = Debug|Any CPU
		{65F2A979-617F-C8F5-A54F-1D2DB7387960}.Release|Any CPU.ActiveCfg = Release|Any CPU
		{65F2A979-617F-C8F5-A54F-1D2DB7387960}.Release|Any CPU.Build.0 = Release|Any CPU
		{95DA6E57-F176-3774-7A8E-E05587E18C48}.Debug|Any CPU.ActiveCfg = Debug|Any CPU
		{95DA6E57-F176-3774-7A8E-E05587E18C48}.Debug|Any CPU.Build.0 = Debug|Any CPU
		{95DA6E57-F176-3774-7A8E-E05587E18C48}.Release|Any CPU.ActiveCfg = Release|Any CPU
		{95DA6E57-F176-3774-7A8E-E05587E18C48}.Release|Any CPU.Build.0 = Release|Any CPU
	EndGlobalSection
	GlobalSection(SolutionProperties) = preSolution
		HideSolutionNode = FALSE
	EndGlobalSection
EndGlobal
