
Microsoft Visual Studio Solution File, Format Version 12.00
# Visual Studio 2015
Project("{FAE04EC0-301F-11D3-BF4B-00C04F79EFBC}") = "DemoServerGVR", "DemoServerGVR.csproj", "{BB1CA6E7-3765-6ADD-56D0-925D554B8BCF}"
EndProject
Project("{FAE04EC0-301F-11D3-BF4B-00C04F79EFBC}") = "DemoServerGVR.Editor", "DemoServerGVR.Editor.csproj", "{3D75931F-6894-3D29-74BE-B8C193DCD5BB}"
EndProject
Global
	GlobalSection(SolutionConfigurationPlatforms) = preSolution
		Debug|Any CPU = Debug|Any CPU
		Release|Any CPU = Release|Any CPU
	EndGlobalSection
	GlobalSection(ProjectConfigurationPlatforms) = postSolution
		{BB1CA6E7-3765-6ADD-56D0-925D554B8BCF}.Debug|Any CPU.ActiveCfg = Debug|Any CPU
		{BB1CA6E7-3765-6ADD-56D0-925D554B8BCF}.Debug|Any CPU.Build.0 = Debug|Any CPU
		{BB1CA6E7-3765-6ADD-56D0-925D554B8BCF}.Release|Any CPU.ActiveCfg = Release|Any CPU
		{BB1CA6E7-3765-6ADD-56D0-925D554B8BCF}.Release|Any CPU.Build.0 = Release|Any CPU
		{3D75931F-6894-3D29-74BE-B8C193DCD5BB}.Debug|Any CPU.ActiveCfg = Debug|Any CPU
		{3D75931F-6894-3D29-74BE-B8C193DCD5BB}.Debug|Any CPU.Build.0 = Debug|Any CPU
		{3D75931F-6894-3D29-74BE-B8C193DCD5BB}.Release|Any CPU.ActiveCfg = Release|Any CPU
		{3D75931F-6894-3D29-74BE-B8C193DCD5BB}.Release|Any CPU.Build.0 = Release|Any CPU
	EndGlobalSection
	GlobalSection(SolutionProperties) = preSolution
		HideSolutionNode = FALSE
	EndGlobalSection
EndGlobal
