
Microsoft Visual Studio Solution File, Format Version 12.00
# Visual Studio 2015
Project("{FAE04EC0-301F-11D3-BF4B-00C04F79EFBC}") = "Demo(serverandgoogleapi)", "Demo(serverandgoogleapi).csproj", "{D3B517DE-A318-F73E-F28B-24DCD2E417F6}"
EndProject
Project("{FAE04EC0-301F-11D3-BF4B-00C04F79EFBC}") = "Demo(serverandgoogleapi).Editor", "Demo(serverandgoogleapi).Editor.csproj", "{D2A677D9-D987-5151-273E-A45E99DF6D04}"
EndProject
Global
	GlobalSection(SolutionConfigurationPlatforms) = preSolution
		Debug|Any CPU = Debug|Any CPU
		Release|Any CPU = Release|Any CPU
	EndGlobalSection
	GlobalSection(ProjectConfigurationPlatforms) = postSolution
		{D3B517DE-A318-F73E-F28B-24DCD2E417F6}.Debug|Any CPU.ActiveCfg = Debug|Any CPU
		{D3B517DE-A318-F73E-F28B-24DCD2E417F6}.Debug|Any CPU.Build.0 = Debug|Any CPU
		{D3B517DE-A318-F73E-F28B-24DCD2E417F6}.Release|Any CPU.ActiveCfg = Release|Any CPU
		{D3B517DE-A318-F73E-F28B-24DCD2E417F6}.Release|Any CPU.Build.0 = Release|Any CPU
		{D2A677D9-D987-5151-273E-A45E99DF6D04}.Debug|Any CPU.ActiveCfg = Debug|Any CPU
		{D2A677D9-D987-5151-273E-A45E99DF6D04}.Debug|Any CPU.Build.0 = Debug|Any CPU
		{D2A677D9-D987-5151-273E-A45E99DF6D04}.Release|Any CPU.ActiveCfg = Release|Any CPU
		{D2A677D9-D987-5151-273E-A45E99DF6D04}.Release|Any CPU.Build.0 = Release|Any CPU
	EndGlobalSection
	GlobalSection(SolutionProperties) = preSolution
		HideSolutionNode = FALSE
	EndGlobalSection
EndGlobal
